
Microsoft Visual Studio Solution File, Format Version 12.00
# Visual Studio Version 17
VisualStudioVersion = 17.14.36414.22
MinimumVisualStudioVersion = 10.0.40219.1
Project("{FAE04EC0-301F-11D3-BF4B-00C04F79EFBC}") = "BlackJack", "BlackJack\BlackJack.csproj", "{9230DE5E-CF36-4B74-9BB6-684C86CD6EE6}"
EndProject
Project("{FAE04EC0-301F-11D3-BF4B-00C04F79EFBC}") = "BJClassLibrary", "BJClassLibrary\BJClassLibrary.csproj", "{EE4BCF8A-682A-40FB-96A4-F2B63DF5EF5D}"
EndProject
Global
	GlobalSection(SolutionConfigurationPlatforms) = preSolution
		Debug|Any CPU = Debug|Any CPU
		Release|Any CPU = Release|Any CPU
	EndGlobalSection
	GlobalSection(ProjectConfigurationPlatforms) = postSolution
		{9230DE5E-CF36-4B74-9BB6-684C86CD6EE6}.Debug|Any CPU.ActiveCfg = Debug|Any CPU
		{9230DE5E-CF36-4B74-9BB6-684C86CD6EE6}.Debug|Any CPU.Build.0 = Debug|Any CPU
		{9230DE5E-CF36-4B74-9BB6-684C86CD6EE6}.Release|Any CPU.ActiveCfg = Release|Any CPU
		{9230DE5E-CF36-4B74-9BB6-684C86CD6EE6}.Release|Any CPU.Build.0 = Release|Any CPU
		{EE4BCF8A-682A-40FB-96A4-F2B63DF5EF5D}.Debug|Any CPU.ActiveCfg = Debug|Any CPU
		{EE4BCF8A-682A-40FB-96A4-F2B63DF5EF5D}.Debug|Any CPU.Build.0 = Debug|Any CPU
		{EE4BCF8A-682A-40FB-96A4-F2B63DF5EF5D}.Release|Any CPU.ActiveCfg = Release|Any CPU
		{EE4BCF8A-682A-40FB-96A4-F2B63DF5EF5D}.Release|Any CPU.Build.0 = Release|Any CPU
	EndGlobalSection
	GlobalSection(SolutionProperties) = preSolution
		HideSolutionNode = FALSE
	EndGlobalSection
	GlobalSection(ExtensibilityGlobals) = postSolution
		SolutionGuid = {52908D3B-4DE4-4F1F-8933-EF60CDD37849}
	EndGlobalSection
EndGlobal
